// !$*UTF8*$!
{
	archiveVersion = 1;
	classes = {
	};
	objectVersion = 56;
	objects = {

/* Begin PBXBuildFile section */
		2D498F282BF8B56800941B35 /* MemoListViewModel.swift in Sources */ = {isa = PBXBuildFile; fileRef = 2D498F272BF8B56800941B35 /* MemoListViewModel.swift */; };
		2D498F2A2BF8B61600941B35 /* AddMemoViewModel.swift in Sources */ = {isa = PBXBuildFile; fileRef = 2D498F292BF8B61600941B35 /* AddMemoViewModel.swift */; };
		2D498F2D2BF8B65600941B35 /* DetailMemoViewModel.swift in Sources */ = {isa = PBXBuildFile; fileRef = 2D498F2C2BF8B65600941B35 /* DetailMemoViewModel.swift */; };
		2D731D592BEFE99C00D4EE8F /* MemoListViewController.swift in Sources */ = {isa = PBXBuildFile; fileRef = 2D731D582BEFE99C00D4EE8F /* MemoListViewController.swift */; };
		2D731D5B2BEFE9B700D4EE8F /* AddMemoViewController.swift in Sources */ = {isa = PBXBuildFile; fileRef = 2D731D5A2BEFE9B700D4EE8F /* AddMemoViewController.swift */; };
		2D731D5D2BEFE9C800D4EE8F /* MemoTableViewCell.swift in Sources */ = {isa = PBXBuildFile; fileRef = 2D731D5C2BEFE9C800D4EE8F /* MemoTableViewCell.swift */; };
		2D731D5F2BEFE9E100D4EE8F /* DetailMemoViewController.swift in Sources */ = {isa = PBXBuildFile; fileRef = 2D731D5E2BEFE9E100D4EE8F /* DetailMemoViewController.swift */; };
		2D98E3862BF1BD830010B2A5 /* MemoModel.swift in Sources */ = {isa = PBXBuildFile; fileRef = 2D98E3852BF1BD830010B2A5 /* MemoModel.swift */; };
		2DCA9C822BEE011B0078B101 /* Then in Frameworks */ = {isa = PBXBuildFile; productRef = 2DCA9C812BEE011B0078B101 /* Then */; };
		2DCA9C852BEE01260078B101 /* SnapKit in Frameworks */ = {isa = PBXBuildFile; productRef = 2DCA9C842BEE01260078B101 /* SnapKit */; };
		2DCA9C882BEE01340078B101 /* RxCocoa in Frameworks */ = {isa = PBXBuildFile; productRef = 2DCA9C872BEE01340078B101 /* RxCocoa */; };
		2DD6EC532BD8E51A00949D97 /* AppDelegate.swift in Sources */ = {isa = PBXBuildFile; fileRef = 2DD6EC522BD8E51A00949D97 /* AppDelegate.swift */; };
		2DD6EC552BD8E51A00949D97 /* SceneDelegate.swift in Sources */ = {isa = PBXBuildFile; fileRef = 2DD6EC542BD8E51A00949D97 /* SceneDelegate.swift */; };
		2DD6EC5C2BD8E52600949D97 /* Assets.xcassets in Resources */ = {isa = PBXBuildFile; fileRef = 2DD6EC5B2BD8E52600949D97 /* Assets.xcassets */; };
		2DD6EC5F2BD8E52600949D97 /* LaunchScreen.storyboard in Resources */ = {isa = PBXBuildFile; fileRef = 2DD6EC5D2BD8E52600949D97 /* LaunchScreen.storyboard */; };
		2DD6EC6A2BD8E52600949D97 /* Yourssu_IncubatingTests.swift in Sources */ = {isa = PBXBuildFile; fileRef = 2DD6EC692BD8E52600949D97 /* Yourssu_IncubatingTests.swift */; };
		2DD6EC742BD8E52600949D97 /* Yourssu_IncubatingUITests.swift in Sources */ = {isa = PBXBuildFile; fileRef = 2DD6EC732BD8E52600949D97 /* Yourssu_IncubatingUITests.swift */; };
		2DD6EC762BD8E52600949D97 /* Yourssu_IncubatingUITestsLaunchTests.swift in Sources */ = {isa = PBXBuildFile; fileRef = 2DD6EC752BD8E52600949D97 /* Yourssu_IncubatingUITestsLaunchTests.swift */; };
		2DF4BD8A2BFE5ABD004F9772 /* Coordinator.swift in Sources */ = {isa = PBXBuildFile; fileRef = 2DF4BD892BFE5ABD004F9772 /* Coordinator.swift */; };
		2DF4BD8C2BFE5AD0004F9772 /* MainCoordinator.swift in Sources */ = {isa = PBXBuildFile; fileRef = 2DF4BD8B2BFE5AD0004F9772 /* MainCoordinator.swift */; };
		2DF4BD8F2BFE64E4004F9772 /* EditMemoDelegate.swift in Sources */ = {isa = PBXBuildFile; fileRef = 2DF4BD8E2BFE64E4004F9772 /* EditMemoDelegate.swift */; };
/* End PBXBuildFile section */

/* Begin PBXContainerItemProxy section */
		2DD6EC662BD8E52600949D97 /* PBXContainerItemProxy */ = {
			isa = PBXContainerItemProxy;
			containerPortal = 2DD6EC472BD8E51A00949D97 /* Project object */;
			proxyType = 1;
			remoteGlobalIDString = 2DD6EC4E2BD8E51A00949D97;
			remoteInfo = "Yourssu-Incubating";
		};
		2DD6EC702BD8E52600949D97 /* PBXContainerItemProxy */ = {
			isa = PBXContainerItemProxy;
			containerPortal = 2DD6EC472BD8E51A00949D97 /* Project object */;
			proxyType = 1;
			remoteGlobalIDString = 2DD6EC4E2BD8E51A00949D97;
			remoteInfo = "Yourssu-Incubating";
		};
/* End PBXContainerItemProxy section */

/* Begin PBXFileReference section */
		2D498F272BF8B56800941B35 /* MemoListViewModel.swift */ = {isa = PBXFileReference; lastKnownFileType = sourcecode.swift; path = MemoListViewModel.swift; sourceTree = "<group>"; };
		2D498F292BF8B61600941B35 /* AddMemoViewModel.swift */ = {isa = PBXFileReference; lastKnownFileType = sourcecode.swift; path = AddMemoViewModel.swift; sourceTree = "<group>"; };
		2D498F2C2BF8B65600941B35 /* DetailMemoViewModel.swift */ = {isa = PBXFileReference; lastKnownFileType = sourcecode.swift; path = DetailMemoViewModel.swift; sourceTree = "<group>"; };
		2D731D582BEFE99C00D4EE8F /* MemoListViewController.swift */ = {isa = PBXFileReference; lastKnownFileType = sourcecode.swift; path = MemoListViewController.swift; sourceTree = "<group>"; };
		2D731D5A2BEFE9B700D4EE8F /* AddMemoViewController.swift */ = {isa = PBXFileReference; lastKnownFileType = sourcecode.swift; path = AddMemoViewController.swift; sourceTree = "<group>"; };
		2D731D5C2BEFE9C800D4EE8F /* MemoTableViewCell.swift */ = {isa = PBXFileReference; lastKnownFileType = sourcecode.swift; path = MemoTableViewCell.swift; sourceTree = "<group>"; };
		2D731D5E2BEFE9E100D4EE8F /* DetailMemoViewController.swift */ = {isa = PBXFileReference; lastKnownFileType = sourcecode.swift; path = DetailMemoViewController.swift; sourceTree = "<group>"; };
		2D98E3852BF1BD830010B2A5 /* MemoModel.swift */ = {isa = PBXFileReference; lastKnownFileType = sourcecode.swift; path = MemoModel.swift; sourceTree = "<group>"; };
		2DD6EC4F2BD8E51A00949D97 /* Yourssu-Incubating.app */ = {isa = PBXFileReference; explicitFileType = wrapper.application; includeInIndex = 0; path = "Yourssu-Incubating.app"; sourceTree = BUILT_PRODUCTS_DIR; };
		2DD6EC522BD8E51A00949D97 /* AppDelegate.swift */ = {isa = PBXFileReference; lastKnownFileType = sourcecode.swift; path = AppDelegate.swift; sourceTree = "<group>"; };
		2DD6EC542BD8E51A00949D97 /* SceneDelegate.swift */ = {isa = PBXFileReference; lastKnownFileType = sourcecode.swift; path = SceneDelegate.swift; sourceTree = "<group>"; };
		2DD6EC5B2BD8E52600949D97 /* Assets.xcassets */ = {isa = PBXFileReference; lastKnownFileType = folder.assetcatalog; path = Assets.xcassets; sourceTree = "<group>"; };
		2DD6EC5E2BD8E52600949D97 /* Base */ = {isa = PBXFileReference; lastKnownFileType = file.storyboard; name = Base; path = Base.lproj/LaunchScreen.storyboard; sourceTree = "<group>"; };
		2DD6EC602BD8E52600949D97 /* Info.plist */ = {isa = PBXFileReference; lastKnownFileType = text.plist.xml; path = Info.plist; sourceTree = "<group>"; };
		2DD6EC652BD8E52600949D97 /* Yourssu-IncubatingTests.xctest */ = {isa = PBXFileReference; explicitFileType = wrapper.cfbundle; includeInIndex = 0; path = "Yourssu-IncubatingTests.xctest"; sourceTree = BUILT_PRODUCTS_DIR; };
		2DD6EC692BD8E52600949D97 /* Yourssu_IncubatingTests.swift */ = {isa = PBXFileReference; lastKnownFileType = sourcecode.swift; path = Yourssu_IncubatingTests.swift; sourceTree = "<group>"; };
		2DD6EC6F2BD8E52600949D97 /* Yourssu-IncubatingUITests.xctest */ = {isa = PBXFileReference; explicitFileType = wrapper.cfbundle; includeInIndex = 0; path = "Yourssu-IncubatingUITests.xctest"; sourceTree = BUILT_PRODUCTS_DIR; };
		2DD6EC732BD8E52600949D97 /* Yourssu_IncubatingUITests.swift */ = {isa = PBXFileReference; lastKnownFileType = sourcecode.swift; path = Yourssu_IncubatingUITests.swift; sourceTree = "<group>"; };
		2DD6EC752BD8E52600949D97 /* Yourssu_IncubatingUITestsLaunchTests.swift */ = {isa = PBXFileReference; lastKnownFileType = sourcecode.swift; path = Yourssu_IncubatingUITestsLaunchTests.swift; sourceTree = "<group>"; };
		2DF4BD892BFE5ABD004F9772 /* Coordinator.swift */ = {isa = PBXFileReference; lastKnownFileType = sourcecode.swift; path = Coordinator.swift; sourceTree = "<group>"; };
		2DF4BD8B2BFE5AD0004F9772 /* MainCoordinator.swift */ = {isa = PBXFileReference; lastKnownFileType = sourcecode.swift; path = MainCoordinator.swift; sourceTree = "<group>"; };
		2DF4BD8E2BFE64E4004F9772 /* EditMemoDelegate.swift */ = {isa = PBXFileReference; lastKnownFileType = sourcecode.swift; path = EditMemoDelegate.swift; sourceTree = "<group>"; };
/* End PBXFileReference section */

/* Begin PBXFrameworksBuildPhase section */
		2DD6EC4C2BD8E51A00949D97 /* Frameworks */ = {
			isa = PBXFrameworksBuildPhase;
			buildActionMask = 2147483647;
			files = (
				2DCA9C882BEE01340078B101 /* RxCocoa in Frameworks */,
				2DCA9C822BEE011B0078B101 /* Then in Frameworks */,
				2DCA9C852BEE01260078B101 /* SnapKit in Frameworks */,
			);
			runOnlyForDeploymentPostprocessing = 0;
		};
		2DD6EC622BD8E52600949D97 /* Frameworks */ = {
			isa = PBXFrameworksBuildPhase;
			buildActionMask = 2147483647;
			files = (
			);
			runOnlyForDeploymentPostprocessing = 0;
		};
		2DD6EC6C2BD8E52600949D97 /* Frameworks */ = {
			isa = PBXFrameworksBuildPhase;
			buildActionMask = 2147483647;
			files = (
			);
			runOnlyForDeploymentPostprocessing = 0;
		};
/* End PBXFrameworksBuildPhase section */

/* Begin PBXGroup section */
		2D498F242BF8B51A00941B35 /* MemoListViewController */ = {
			isa = PBXGroup;
			children = (
				2D498F252BF8B52E00941B35 /* View */,
				2D498F262BF8B53600941B35 /* ViewModel */,
			);
			path = MemoListViewController;
			sourceTree = "<group>";
		};
		2D498F252BF8B52E00941B35 /* View */ = {
			isa = PBXGroup;
			children = (
				2D731D5C2BEFE9C800D4EE8F /* MemoTableViewCell.swift */,
				2D731D582BEFE99C00D4EE8F /* MemoListViewController.swift */,
			);
			path = View;
			sourceTree = "<group>";
		};
		2D498F262BF8B53600941B35 /* ViewModel */ = {
			isa = PBXGroup;
			children = (
				2D498F272BF8B56800941B35 /* MemoListViewModel.swift */,
			);
			path = ViewModel;
			sourceTree = "<group>";
		};
		2D498F2B2BF8B63600941B35 /* DetailMemoView */ = {
			isa = PBXGroup;
			children = (
				2D498F2F2BF8B66800941B35 /* View */,
				2D498F2E2BF8B65E00941B35 /* ViewModel */,
			);
			path = DetailMemoView;
			sourceTree = "<group>";
		};
		2D498F2E2BF8B65E00941B35 /* ViewModel */ = {
			isa = PBXGroup;
			children = (
				2D498F2C2BF8B65600941B35 /* DetailMemoViewModel.swift */,
			);
			path = ViewModel;
			sourceTree = "<group>";
		};
		2D498F2F2BF8B66800941B35 /* View */ = {
			isa = PBXGroup;
			children = (
				2D731D5E2BEFE9E100D4EE8F /* DetailMemoViewController.swift */,
			);
			path = View;
			sourceTree = "<group>";
		};
		2D498F302BF8B67C00941B35 /* AddMemoView */ = {
			isa = PBXGroup;
			children = (
				2D498F322BF8B68A00941B35 /* View */,
				2D498F312BF8B68300941B35 /* ViewModel */,
			);
			path = AddMemoView;
			sourceTree = "<group>";
		};
		2D498F312BF8B68300941B35 /* ViewModel */ = {
			isa = PBXGroup;
			children = (
				2D498F292BF8B61600941B35 /* AddMemoViewModel.swift */,
			);
			path = ViewModel;
			sourceTree = "<group>";
		};
		2D498F322BF8B68A00941B35 /* View */ = {
			isa = PBXGroup;
			children = (
				2D731D5A2BEFE9B700D4EE8F /* AddMemoViewController.swift */,
			);
			path = View;
			sourceTree = "<group>";
		};
		2DD6EC462BD8E51A00949D97 = {
			isa = PBXGroup;
			children = (
				2DD6EC512BD8E51A00949D97 /* Yourssu-Incubating */,
				2DD6EC682BD8E52600949D97 /* Yourssu-IncubatingTests */,
				2DD6EC722BD8E52600949D97 /* Yourssu-IncubatingUITests */,
				2DD6EC502BD8E51A00949D97 /* Products */,
			);
			sourceTree = "<group>";
		};
		2DD6EC502BD8E51A00949D97 /* Products */ = {
			isa = PBXGroup;
			children = (
				2DD6EC4F2BD8E51A00949D97 /* Yourssu-Incubating.app */,
				2DD6EC652BD8E52600949D97 /* Yourssu-IncubatingTests.xctest */,
				2DD6EC6F2BD8E52600949D97 /* Yourssu-IncubatingUITests.xctest */,
			);
			name = Products;
			sourceTree = "<group>";
		};
		2DD6EC512BD8E51A00949D97 /* Yourssu-Incubating */ = {
			isa = PBXGroup;
			children = (
				2DD6EC522BD8E51A00949D97 /* AppDelegate.swift */,
				2DD6EC542BD8E51A00949D97 /* SceneDelegate.swift */,
				2DF4BD902BFE66AD004F9772 /* Coordinator */,
				2DF4BD8D2BFE64D5004F9772 /* Protocol */,
				2DF4BD912BFE66DE004F9772 /* Core */,
				2D498F242BF8B51A00941B35 /* MemoListViewController */,
				2D498F302BF8B67C00941B35 /* AddMemoView */,
				2D498F2B2BF8B63600941B35 /* DetailMemoView */,
				2DD6EC5B2BD8E52600949D97 /* Assets.xcassets */,
				2DD6EC5D2BD8E52600949D97 /* LaunchScreen.storyboard */,
				2DD6EC602BD8E52600949D97 /* Info.plist */,
			);
			path = "Yourssu-Incubating";
			sourceTree = "<group>";
		};
		2DD6EC682BD8E52600949D97 /* Yourssu-IncubatingTests */ = {
			isa = PBXGroup;
			children = (
				2DD6EC692BD8E52600949D97 /* Yourssu_IncubatingTests.swift */,
			);
			path = "Yourssu-IncubatingTests";
			sourceTree = "<group>";
		};
		2DD6EC722BD8E52600949D97 /* Yourssu-IncubatingUITests */ = {
			isa = PBXGroup;
			children = (
				2DD6EC732BD8E52600949D97 /* Yourssu_IncubatingUITests.swift */,
				2DD6EC752BD8E52600949D97 /* Yourssu_IncubatingUITestsLaunchTests.swift */,
			);
			path = "Yourssu-IncubatingUITests";
			sourceTree = "<group>";
		};
		2DF4BD8D2BFE64D5004F9772 /* Protocol */ = {
			isa = PBXGroup;
			children = (
				2DF4BD892BFE5ABD004F9772 /* Coordinator.swift */,
				2DF4BD8E2BFE64E4004F9772 /* EditMemoDelegate.swift */,
			);
			path = Protocol;
			sourceTree = "<group>";
		};
		2DF4BD902BFE66AD004F9772 /* Coordinator */ = {
			isa = PBXGroup;
			children = (
				2DF4BD8B2BFE5AD0004F9772 /* MainCoordinator.swift */,
			);
			path = Coordinator;
			sourceTree = "<group>";
		};
		2DF4BD912BFE66DE004F9772 /* Core */ = {
			isa = PBXGroup;
			children = (
				2D98E3852BF1BD830010B2A5 /* MemoModel.swift */,
			);
			path = Core;
			sourceTree = "<group>";
		};
/* End PBXGroup section */

/* Begin PBXNativeTarget section */
		2DD6EC4E2BD8E51A00949D97 /* Yourssu-Incubating */ = {
			isa = PBXNativeTarget;
			buildConfigurationList = 2DD6EC792BD8E52600949D97 /* Build configuration list for PBXNativeTarget "Yourssu-Incubating" */;
			buildPhases = (
				2DD6EC4B2BD8E51A00949D97 /* Sources */,
				2DD6EC4C2BD8E51A00949D97 /* Frameworks */,
				2DD6EC4D2BD8E51A00949D97 /* Resources */,
			);
			buildRules = (
			);
			dependencies = (
			);
			name = "Yourssu-Incubating";
			packageProductDependencies = (
				2DCA9C812BEE011B0078B101 /* Then */,
				2DCA9C842BEE01260078B101 /* SnapKit */,
				2DCA9C872BEE01340078B101 /* RxCocoa */,
			);
			productName = "Yourssu-Incubating";
			productReference = 2DD6EC4F2BD8E51A00949D97 /* Yourssu-Incubating.app */;
			productType = "com.apple.product-type.application";
		};
		2DD6EC642BD8E52600949D97 /* Yourssu-IncubatingTests */ = {
			isa = PBXNativeTarget;
			buildConfigurationList = 2DD6EC7C2BD8E52600949D97 /* Build configuration list for PBXNativeTarget "Yourssu-IncubatingTests" */;
			buildPhases = (
				2DD6EC612BD8E52600949D97 /* Sources */,
				2DD6EC622BD8E52600949D97 /* Frameworks */,
				2DD6EC632BD8E52600949D97 /* Resources */,
			);
			buildRules = (
			);
			dependencies = (
				2DD6EC672BD8E52600949D97 /* PBXTargetDependency */,
			);
			name = "Yourssu-IncubatingTests";
			productName = "Yourssu-IncubatingTests";
			productReference = 2DD6EC652BD8E52600949D97 /* Yourssu-IncubatingTests.xctest */;
			productType = "com.apple.product-type.bundle.unit-test";
		};
		2DD6EC6E2BD8E52600949D97 /* Yourssu-IncubatingUITests */ = {
			isa = PBXNativeTarget;
			buildConfigurationList = 2DD6EC7F2BD8E52600949D97 /* Build configuration list for PBXNativeTarget "Yourssu-IncubatingUITests" */;
			buildPhases = (
				2DD6EC6B2BD8E52600949D97 /* Sources */,
				2DD6EC6C2BD8E52600949D97 /* Frameworks */,
				2DD6EC6D2BD8E52600949D97 /* Resources */,
			);
			buildRules = (
			);
			dependencies = (
				2DD6EC712BD8E52600949D97 /* PBXTargetDependency */,
			);
			name = "Yourssu-IncubatingUITests";
			productName = "Yourssu-IncubatingUITests";
			productReference = 2DD6EC6F2BD8E52600949D97 /* Yourssu-IncubatingUITests.xctest */;
			productType = "com.apple.product-type.bundle.ui-testing";
		};
/* End PBXNativeTarget section */

/* Begin PBXProject section */
		2DD6EC472BD8E51A00949D97 /* Project object */ = {
			isa = PBXProject;
			attributes = {
				BuildIndependentTargetsInParallel = 1;
				LastSwiftUpdateCheck = 1500;
				LastUpgradeCheck = 1500;
				TargetAttributes = {
					2DD6EC4E2BD8E51A00949D97 = {
						CreatedOnToolsVersion = 15.0.1;
					};
					2DD6EC642BD8E52600949D97 = {
						CreatedOnToolsVersion = 15.0.1;
						TestTargetID = 2DD6EC4E2BD8E51A00949D97;
					};
					2DD6EC6E2BD8E52600949D97 = {
						CreatedOnToolsVersion = 15.0.1;
						TestTargetID = 2DD6EC4E2BD8E51A00949D97;
					};
				};
			};
			buildConfigurationList = 2DD6EC4A2BD8E51A00949D97 /* Build configuration list for PBXProject "Yourssu-Incubating" */;
			compatibilityVersion = "Xcode 14.0";
			developmentRegion = en;
			hasScannedForEncodings = 0;
			knownRegions = (
				en,
				Base,
			);
			mainGroup = 2DD6EC462BD8E51A00949D97;
			packageReferences = (
				2DCA9C802BEE011B0078B101 /* XCRemoteSwiftPackageReference "Then" */,
				2DCA9C832BEE01260078B101 /* XCRemoteSwiftPackageReference "SnapKit" */,
				2DCA9C862BEE01340078B101 /* XCRemoteSwiftPackageReference "RxSwift" */,
			);
			productRefGroup = 2DD6EC502BD8E51A00949D97 /* Products */;
			projectDirPath = "";
			projectRoot = "";
			targets = (
				2DD6EC4E2BD8E51A00949D97 /* Yourssu-Incubating */,
				2DD6EC642BD8E52600949D97 /* Yourssu-IncubatingTests */,
				2DD6EC6E2BD8E52600949D97 /* Yourssu-IncubatingUITests */,
			);
		};
/* End PBXProject section */

/* Begin PBXResourcesBuildPhase section */
		2DD6EC4D2BD8E51A00949D97 /* Resources */ = {
			isa = PBXResourcesBuildPhase;
			buildActionMask = 2147483647;
			files = (
				2DD6EC5F2BD8E52600949D97 /* LaunchScreen.storyboard in Resources */,
				2DD6EC5C2BD8E52600949D97 /* Assets.xcassets in Resources */,
			);
			runOnlyForDeploymentPostprocessing = 0;
		};
		2DD6EC632BD8E52600949D97 /* Resources */ = {
			isa = PBXResourcesBuildPhase;
			buildActionMask = 2147483647;
			files = (
			);
			runOnlyForDeploymentPostprocessing = 0;
		};
		2DD6EC6D2BD8E52600949D97 /* Resources */ = {
			isa = PBXResourcesBuildPhase;
			buildActionMask = 2147483647;
			files = (
			);
			runOnlyForDeploymentPostprocessing = 0;
		};
/* End PBXResourcesBuildPhase section */

/* Begin PBXSourcesBuildPhase section */
		2DD6EC4B2BD8E51A00949D97 /* Sources */ = {
			isa = PBXSourcesBuildPhase;
			buildActionMask = 2147483647;
			files = (
				2D498F282BF8B56800941B35 /* MemoListViewModel.swift in Sources */,
				2D98E3862BF1BD830010B2A5 /* MemoModel.swift in Sources */,
				2D731D5D2BEFE9C800D4EE8F /* MemoTableViewCell.swift in Sources */,
				2D731D5F2BEFE9E100D4EE8F /* DetailMemoViewController.swift in Sources */,
				2D731D5B2BEFE9B700D4EE8F /* AddMemoViewController.swift in Sources */,
				2D731D592BEFE99C00D4EE8F /* MemoListViewController.swift in Sources */,
				2DD6EC532BD8E51A00949D97 /* AppDelegate.swift in Sources */,
				2DF4BD8F2BFE64E4004F9772 /* EditMemoDelegate.swift in Sources */,
				2DD6EC552BD8E51A00949D97 /* SceneDelegate.swift in Sources */,
				2DF4BD8A2BFE5ABD004F9772 /* Coordinator.swift in Sources */,
				2DF4BD8C2BFE5AD0004F9772 /* MainCoordinator.swift in Sources */,
				2D498F2A2BF8B61600941B35 /* AddMemoViewModel.swift in Sources */,
				2D498F2D2BF8B65600941B35 /* DetailMemoViewModel.swift in Sources */,
			);
			runOnlyForDeploymentPostprocessing = 0;
		};
		2DD6EC612BD8E52600949D97 /* Sources */ = {
			isa = PBXSourcesBuildPhase;
			buildActionMask = 2147483647;
			files = (
				2DD6EC6A2BD8E52600949D97 /* Yourssu_IncubatingTests.swift in Sources */,
			);
			runOnlyForDeploymentPostprocessing = 0;
		};
		2DD6EC6B2BD8E52600949D97 /* Sources */ = {
			isa = PBXSourcesBuildPhase;
			buildActionMask = 2147483647;
			files = (
				2DD6EC742BD8E52600949D97 /* Yourssu_IncubatingUITests.swift in Sources */,
				2DD6EC762BD8E52600949D97 /* Yourssu_IncubatingUITestsLaunchTests.swift in Sources */,
			);
			runOnlyForDeploymentPostprocessing = 0;
		};
/* End PBXSourcesBuildPhase section */

/* Begin PBXTargetDependency section */
		2DD6EC672BD8E52600949D97 /* PBXTargetDependency */ = {
			isa = PBXTargetDependency;
			target = 2DD6EC4E2BD8E51A00949D97 /* Yourssu-Incubating */;
			targetProxy = 2DD6EC662BD8E52600949D97 /* PBXContainerItemProxy */;
		};
		2DD6EC712BD8E52600949D97 /* PBXTargetDependency */ = {
			isa = PBXTargetDependency;
			target = 2DD6EC4E2BD8E51A00949D97 /* Yourssu-Incubating */;
			targetProxy = 2DD6EC702BD8E52600949D97 /* PBXContainerItemProxy */;
		};
/* End PBXTargetDependency section */

/* Begin PBXVariantGroup section */
		2DD6EC5D2BD8E52600949D97 /* LaunchScreen.storyboard */ = {
			isa = PBXVariantGroup;
			children = (
				2DD6EC5E2BD8E52600949D97 /* Base */,
			);
			name = LaunchScreen.storyboard;
			sourceTree = "<group>";
		};
/* End PBXVariantGroup section */

/* Begin XCBuildConfiguration section */
		2DD6EC772BD8E52600949D97 /* Debug */ = {
			isa = XCBuildConfiguration;
			buildSettings = {
				ALWAYS_SEARCH_USER_PATHS = NO;
				ASSETCATALOG_COMPILER_GENERATE_SWIFT_ASSET_SYMBOL_EXTENSIONS = YES;
				CLANG_ANALYZER_NONNULL = YES;
				CLANG_ANALYZER_NUMBER_OBJECT_CONVERSION = YES_AGGRESSIVE;
				CLANG_CXX_LANGUAGE_STANDARD = "gnu++20";
				CLANG_ENABLE_MODULES = YES;
				CLANG_ENABLE_OBJC_ARC = YES;
				CLANG_ENABLE_OBJC_WEAK = YES;
				CLANG_WARN_BLOCK_CAPTURE_AUTORELEASING = YES;
				CLANG_WARN_BOOL_CONVERSION = YES;
				CLANG_WARN_COMMA = YES;
				CLANG_WARN_CONSTANT_CONVERSION = YES;
				CLANG_WARN_DEPRECATED_OBJC_IMPLEMENTATIONS = YES;
				CLANG_WARN_DIRECT_OBJC_ISA_USAGE = YES_ERROR;
				CLANG_WARN_DOCUMENTATION_COMMENTS = YES;
				CLANG_WARN_EMPTY_BODY = YES;
				CLANG_WARN_ENUM_CONVERSION = YES;
				CLANG_WARN_INFINITE_RECURSION = YES;
				CLANG_WARN_INT_CONVERSION = YES;
				CLANG_WARN_NON_LITERAL_NULL_CONVERSION = YES;
				CLANG_WARN_OBJC_IMPLICIT_RETAIN_SELF = YES;
				CLANG_WARN_OBJC_LITERAL_CONVERSION = YES;
				CLANG_WARN_OBJC_ROOT_CLASS = YES_ERROR;
				CLANG_WARN_QUOTED_INCLUDE_IN_FRAMEWORK_HEADER = YES;
				CLANG_WARN_RANGE_LOOP_ANALYSIS = YES;
				CLANG_WARN_STRICT_PROTOTYPES = YES;
				CLANG_WARN_SUSPICIOUS_MOVE = YES;
				CLANG_WARN_UNGUARDED_AVAILABILITY = YES_AGGRESSIVE;
				CLANG_WARN_UNREACHABLE_CODE = YES;
				CLANG_WARN__DUPLICATE_METHOD_MATCH = YES;
				COPY_PHASE_STRIP = NO;
				DEBUG_INFORMATION_FORMAT = dwarf;
				ENABLE_STRICT_OBJC_MSGSEND = YES;
				ENABLE_TESTABILITY = YES;
				ENABLE_USER_SCRIPT_SANDBOXING = YES;
				GCC_C_LANGUAGE_STANDARD = gnu17;
				GCC_DYNAMIC_NO_PIC = NO;
				GCC_NO_COMMON_BLOCKS = YES;
				GCC_OPTIMIZATION_LEVEL = 0;
				GCC_PREPROCESSOR_DEFINITIONS = (
					"DEBUG=1",
					"$(inherited)",
				);
				GCC_WARN_64_TO_32_BIT_CONVERSION = YES;
				GCC_WARN_ABOUT_RETURN_TYPE = YES_ERROR;
				GCC_WARN_UNDECLARED_SELECTOR = YES;
				GCC_WARN_UNINITIALIZED_AUTOS = YES_AGGRESSIVE;
				GCC_WARN_UNUSED_FUNCTION = YES;
				GCC_WARN_UNUSED_VARIABLE = YES;
				IPHONEOS_DEPLOYMENT_TARGET = 17.0;
				LOCALIZATION_PREFERS_STRING_CATALOGS = YES;
				MTL_ENABLE_DEBUG_INFO = INCLUDE_SOURCE;
				MTL_FAST_MATH = YES;
				ONLY_ACTIVE_ARCH = YES;
				SDKROOT = iphoneos;
				SWIFT_ACTIVE_COMPILATION_CONDITIONS = "DEBUG $(inherited)";
				SWIFT_OPTIMIZATION_LEVEL = "-Onone";
			};
			name = Debug;
		};
		2DD6EC782BD8E52600949D97 /* Release */ = {
			isa = XCBuildConfiguration;
			buildSettings = {
				ALWAYS_SEARCH_USER_PATHS = NO;
				ASSETCATALOG_COMPILER_GENERATE_SWIFT_ASSET_SYMBOL_EXTENSIONS = YES;
				CLANG_ANALYZER_NONNULL = YES;
				CLANG_ANALYZER_NUMBER_OBJECT_CONVERSION = YES_AGGRESSIVE;
				CLANG_CXX_LANGUAGE_STANDARD = "gnu++20";
				CLANG_ENABLE_MODULES = YES;
				CLANG_ENABLE_OBJC_ARC = YES;
				CLANG_ENABLE_OBJC_WEAK = YES;
				CLANG_WARN_BLOCK_CAPTURE_AUTORELEASING = YES;
				CLANG_WARN_BOOL_CONVERSION = YES;
				CLANG_WARN_COMMA = YES;
				CLANG_WARN_CONSTANT_CONVERSION = YES;
				CLANG_WARN_DEPRECATED_OBJC_IMPLEMENTATIONS = YES;
				CLANG_WARN_DIRECT_OBJC_ISA_USAGE = YES_ERROR;
				CLANG_WARN_DOCUMENTATION_COMMENTS = YES;
				CLANG_WARN_EMPTY_BODY = YES;
				CLANG_WARN_ENUM_CONVERSION = YES;
				CLANG_WARN_INFINITE_RECURSION = YES;
				CLANG_WARN_INT_CONVERSION = YES;
				CLANG_WARN_NON_LITERAL_NULL_CONVERSION = YES;
				CLANG_WARN_OBJC_IMPLICIT_RETAIN_SELF = YES;
				CLANG_WARN_OBJC_LITERAL_CONVERSION = YES;
				CLANG_WARN_OBJC_ROOT_CLASS = YES_ERROR;
				CLANG_WARN_QUOTED_INCLUDE_IN_FRAMEWORK_HEADER = YES;
				CLANG_WARN_RANGE_LOOP_ANALYSIS = YES;
				CLANG_WARN_STRICT_PROTOTYPES = YES;
				CLANG_WARN_SUSPICIOUS_MOVE = YES;
				CLANG_WARN_UNGUARDED_AVAILABILITY = YES_AGGRESSIVE;
				CLANG_WARN_UNREACHABLE_CODE = YES;
				CLANG_WARN__DUPLICATE_METHOD_MATCH = YES;
				COPY_PHASE_STRIP = NO;
				DEBUG_INFORMATION_FORMAT = "dwarf-with-dsym";
				ENABLE_NS_ASSERTIONS = NO;
				ENABLE_STRICT_OBJC_MSGSEND = YES;
				ENABLE_USER_SCRIPT_SANDBOXING = YES;
				GCC_C_LANGUAGE_STANDARD = gnu17;
				GCC_NO_COMMON_BLOCKS = YES;
				GCC_WARN_64_TO_32_BIT_CONVERSION = YES;
				GCC_WARN_ABOUT_RETURN_TYPE = YES_ERROR;
				GCC_WARN_UNDECLARED_SELECTOR = YES;
				GCC_WARN_UNINITIALIZED_AUTOS = YES_AGGRESSIVE;
				GCC_WARN_UNUSED_FUNCTION = YES;
				GCC_WARN_UNUSED_VARIABLE = YES;
				IPHONEOS_DEPLOYMENT_TARGET = 17.0;
				LOCALIZATION_PREFERS_STRING_CATALOGS = YES;
				MTL_ENABLE_DEBUG_INFO = NO;
				MTL_FAST_MATH = YES;
				SDKROOT = iphoneos;
				SWIFT_COMPILATION_MODE = wholemodule;
				VALIDATE_PRODUCT = YES;
			};
			name = Release;
		};
		2DD6EC7A2BD8E52600949D97 /* Debug */ = {
			isa = XCBuildConfiguration;
			buildSettings = {
				ASSETCATALOG_COMPILER_APPICON_NAME = AppIcon;
				ASSETCATALOG_COMPILER_GLOBAL_ACCENT_COLOR_NAME = AccentColor;
				CODE_SIGN_STYLE = Automatic;
				CURRENT_PROJECT_VERSION = 1;
				DEVELOPMENT_TEAM = 3BFLHJ2HKG;
				GENERATE_INFOPLIST_FILE = YES;
				INFOPLIST_FILE = "Yourssu-Incubating/Info.plist";
				INFOPLIST_KEY_UIApplicationSupportsIndirectInputEvents = YES;
				INFOPLIST_KEY_UILaunchStoryboardName = LaunchScreen;
				INFOPLIST_KEY_UISupportedInterfaceOrientations_iPad = "UIInterfaceOrientationPortrait UIInterfaceOrientationPortraitUpsideDown UIInterfaceOrientationLandscapeLeft UIInterfaceOrientationLandscapeRight";
				INFOPLIST_KEY_UISupportedInterfaceOrientations_iPhone = "UIInterfaceOrientationPortrait UIInterfaceOrientationLandscapeLeft UIInterfaceOrientationLandscapeRight";
				LD_RUNPATH_SEARCH_PATHS = (
					"$(inherited)",
					"@executable_path/Frameworks",
				);
				MARKETING_VERSION = 1.0;
				PRODUCT_BUNDLE_IDENTIFIER = "uno.Yourssu-Incubating";
				PRODUCT_NAME = "$(TARGET_NAME)";
				SWIFT_EMIT_LOC_STRINGS = YES;
				SWIFT_VERSION = 5.0;
				TARGETED_DEVICE_FAMILY = "1,2";
			};
			name = Debug;
		};
		2DD6EC7B2BD8E52600949D97 /* Release */ = {
			isa = XCBuildConfiguration;
			buildSettings = {
				ASSETCATALOG_COMPILER_APPICON_NAME = AppIcon;
				ASSETCATALOG_COMPILER_GLOBAL_ACCENT_COLOR_NAME = AccentColor;
				CODE_SIGN_STYLE = Automatic;
				CURRENT_PROJECT_VERSION = 1;
				DEVELOPMENT_TEAM = 3BFLHJ2HKG;
				GENERATE_INFOPLIST_FILE = YES;
				INFOPLIST_FILE = "Yourssu-Incubating/Info.plist";
				INFOPLIST_KEY_UIApplicationSupportsIndirectInputEvents = YES;
				INFOPLIST_KEY_UILaunchStoryboardName = LaunchScreen;
				INFOPLIST_KEY_UISupportedInterfaceOrientations_iPad = "UIInterfaceOrientationPortrait UIInterfaceOrientationPortraitUpsideDown UIInterfaceOrientationLandscapeLeft UIInterfaceOrientationLandscapeRight";
				INFOPLIST_KEY_UISupportedInterfaceOrientations_iPhone = "UIInterfaceOrientationPortrait UIInterfaceOrientationLandscapeLeft UIInterfaceOrientationLandscapeRight";
				LD_RUNPATH_SEARCH_PATHS = (
					"$(inherited)",
					"@executable_path/Frameworks",
				);
				MARKETING_VERSION = 1.0;
				PRODUCT_BUNDLE_IDENTIFIER = "uno.Yourssu-Incubating";
				PRODUCT_NAME = "$(TARGET_NAME)";
				SWIFT_EMIT_LOC_STRINGS = YES;
				SWIFT_VERSION = 5.0;
				TARGETED_DEVICE_FAMILY = "1,2";
			};
			name = Release;
		};
		2DD6EC7D2BD8E52600949D97 /* Debug */ = {
			isa = XCBuildConfiguration;
			buildSettings = {
				ALWAYS_EMBED_SWIFT_STANDARD_LIBRARIES = YES;
				BUNDLE_LOADER = "$(TEST_HOST)";
				CODE_SIGN_STYLE = Automatic;
				CURRENT_PROJECT_VERSION = 1;
				DEVELOPMENT_TEAM = 3BFLHJ2HKG;
				GENERATE_INFOPLIST_FILE = YES;
				IPHONEOS_DEPLOYMENT_TARGET = 17.0;
				MARKETING_VERSION = 1.0;
				PRODUCT_BUNDLE_IDENTIFIER = "uno.Yourssu-IncubatingTests";
				PRODUCT_NAME = "$(TARGET_NAME)";
				SWIFT_EMIT_LOC_STRINGS = NO;
				SWIFT_VERSION = 5.0;
				TARGETED_DEVICE_FAMILY = "1,2";
				TEST_HOST = "$(BUILT_PRODUCTS_DIR)/Yourssu-Incubating.app/$(BUNDLE_EXECUTABLE_FOLDER_PATH)/Yourssu-Incubating";
			};
			name = Debug;
		};
		2DD6EC7E2BD8E52600949D97 /* Release */ = {
			isa = XCBuildConfiguration;
			buildSettings = {
				ALWAYS_EMBED_SWIFT_STANDARD_LIBRARIES = YES;
				BUNDLE_LOADER = "$(TEST_HOST)";
				CODE_SIGN_STYLE = Automatic;
				CURRENT_PROJECT_VERSION = 1;
				DEVELOPMENT_TEAM = 3BFLHJ2HKG;
				GENERATE_INFOPLIST_FILE = YES;
				IPHONEOS_DEPLOYMENT_TARGET = 17.0;
				MARKETING_VERSION = 1.0;
				PRODUCT_BUNDLE_IDENTIFIER = "uno.Yourssu-IncubatingTests";
				PRODUCT_NAME = "$(TARGET_NAME)";
				SWIFT_EMIT_LOC_STRINGS = NO;
				SWIFT_VERSION = 5.0;
				TARGETED_DEVICE_FAMILY = "1,2";
				TEST_HOST = "$(BUILT_PRODUCTS_DIR)/Yourssu-Incubating.app/$(BUNDLE_EXECUTABLE_FOLDER_PATH)/Yourssu-Incubating";
			};
			name = Release;
		};
		2DD6EC802BD8E52600949D97 /* Debug */ = {
			isa = XCBuildConfiguration;
			buildSettings = {
				ALWAYS_EMBED_SWIFT_STANDARD_LIBRARIES = YES;
				CODE_SIGN_STYLE = Automatic;
				CURRENT_PROJECT_VERSION = 1;
				DEVELOPMENT_TEAM = 3BFLHJ2HKG;
				GENERATE_INFOPLIST_FILE = YES;
				MARKETING_VERSION = 1.0;
				PRODUCT_BUNDLE_IDENTIFIER = "uno.Yourssu-IncubatingUITests";
				PRODUCT_NAME = "$(TARGET_NAME)";
				SWIFT_EMIT_LOC_STRINGS = NO;
				SWIFT_VERSION = 5.0;
				TARGETED_DEVICE_FAMILY = "1,2";
				TEST_TARGET_NAME = "Yourssu-Incubating";
			};
			name = Debug;
		};
		2DD6EC812BD8E52600949D97 /* Release */ = {
			isa = XCBuildConfiguration;
			buildSettings = {
				ALWAYS_EMBED_SWIFT_STANDARD_LIBRARIES = YES;
				CODE_SIGN_STYLE = Automatic;
				CURRENT_PROJECT_VERSION = 1;
				DEVELOPMENT_TEAM = 3BFLHJ2HKG;
				GENERATE_INFOPLIST_FILE = YES;
				MARKETING_VERSION = 1.0;
				PRODUCT_BUNDLE_IDENTIFIER = "uno.Yourssu-IncubatingUITests";
				PRODUCT_NAME = "$(TARGET_NAME)";
				SWIFT_EMIT_LOC_STRINGS = NO;
				SWIFT_VERSION = 5.0;
				TARGETED_DEVICE_FAMILY = "1,2";
				TEST_TARGET_NAME = "Yourssu-Incubating";
			};
			name = Release;
		};
/* End XCBuildConfiguration section */

/* Begin XCConfigurationList section */
		2DD6EC4A2BD8E51A00949D97 /* Build configuration list for PBXProject "Yourssu-Incubating" */ = {
			isa = XCConfigurationList;
			buildConfigurations = (
				2DD6EC772BD8E52600949D97 /* Debug */,
				2DD6EC782BD8E52600949D97 /* Release */,
			);
			defaultConfigurationIsVisible = 0;
			defaultConfigurationName = Release;
		};
		2DD6EC792BD8E52600949D97 /* Build configuration list for PBXNativeTarget "Yourssu-Incubating" */ = {
			isa = XCConfigurationList;
			buildConfigurations = (
				2DD6EC7A2BD8E52600949D97 /* Debug */,
				2DD6EC7B2BD8E52600949D97 /* Release */,
			);
			defaultConfigurationIsVisible = 0;
			defaultConfigurationName = Release;
		};
		2DD6EC7C2BD8E52600949D97 /* Build configuration list for PBXNativeTarget "Yourssu-IncubatingTests" */ = {
			isa = XCConfigurationList;
			buildConfigurations = (
				2DD6EC7D2BD8E52600949D97 /* Debug */,
				2DD6EC7E2BD8E52600949D97 /* Release */,
			);
			defaultConfigurationIsVisible = 0;
			defaultConfigurationName = Release;
		};
		2DD6EC7F2BD8E52600949D97 /* Build configuration list for PBXNativeTarget "Yourssu-IncubatingUITests" */ = {
			isa = XCConfigurationList;
			buildConfigurations = (
				2DD6EC802BD8E52600949D97 /* Debug */,
				2DD6EC812BD8E52600949D97 /* Release */,
			);
			defaultConfigurationIsVisible = 0;
			defaultConfigurationName = Release;
		};
/* End XCConfigurationList section */

/* Begin XCRemoteSwiftPackageReference section */
		2DCA9C802BEE011B0078B101 /* XCRemoteSwiftPackageReference "Then" */ = {
			isa = XCRemoteSwiftPackageReference;
			repositoryURL = "https://github.com/devxoul/Then";
			requirement = {
				kind = upToNextMajorVersion;
				minimumVersion = 3.0.0;
			};
		};
		2DCA9C832BEE01260078B101 /* XCRemoteSwiftPackageReference "SnapKit" */ = {
			isa = XCRemoteSwiftPackageReference;
			repositoryURL = "https://github.com/SnapKit/SnapKit.git";
			requirement = {
				kind = upToNextMajorVersion;
				minimumVersion = 5.7.1;
			};
		};
		2DCA9C862BEE01340078B101 /* XCRemoteSwiftPackageReference "RxSwift" */ = {
			isa = XCRemoteSwiftPackageReference;
			repositoryURL = "https://github.com/ReactiveX/RxSwift.git";
			requirement = {
				kind = upToNextMajorVersion;
				minimumVersion = 6.7.1;
			};
		};
/* End XCRemoteSwiftPackageReference section */

/* Begin XCSwiftPackageProductDependency section */
		2DCA9C812BEE011B0078B101 /* Then */ = {
			isa = XCSwiftPackageProductDependency;
			package = 2DCA9C802BEE011B0078B101 /* XCRemoteSwiftPackageReference "Then" */;
			productName = Then;
		};
		2DCA9C842BEE01260078B101 /* SnapKit */ = {
			isa = XCSwiftPackageProductDependency;
			package = 2DCA9C832BEE01260078B101 /* XCRemoteSwiftPackageReference "SnapKit" */;
			productName = SnapKit;
		};
		2DCA9C872BEE01340078B101 /* RxCocoa */ = {
			isa = XCSwiftPackageProductDependency;
			package = 2DCA9C862BEE01340078B101 /* XCRemoteSwiftPackageReference "RxSwift" */;
			productName = RxCocoa;
		};
/* End XCSwiftPackageProductDependency section */
	};
	rootObject = 2DD6EC472BD8E51A00949D97 /* Project object */;
}
