// !$*UTF8*$!
{
	archiveVersion = 1;
	classes = {
	};
	objectVersion = 56;
	objects = {

/* Begin PBXBuildFile section */
		2D807F162C0423C8008F017C /* YDS in Frameworks */ = {isa = PBXBuildFile; productRef = 2D807F152C0423C8008F017C /* YDS */; };
		2D807F192C0423EF008F017C /* RxCocoa in Frameworks */ = {isa = PBXBuildFile; productRef = 2D807F182C0423EF008F017C /* RxCocoa */; };
		2D807F222C043074008F017C /* NetworkProvider.swift in Sources */ = {isa = PBXBuildFile; fileRef = 2D807F212C043074008F017C /* NetworkProvider.swift */; };
		2D807F252C0430DE008F017C /* Moya in Frameworks */ = {isa = PBXBuildFile; productRef = 2D807F242C0430DE008F017C /* Moya */; };
		2D807F272C0430FD008F017C /* NetworkError.swift in Sources */ = {isa = PBXBuildFile; fileRef = 2D807F262C0430FD008F017C /* NetworkError.swift */; };
		2D807F292C04311B008F017C /* PrivacyInfoManager.swift in Sources */ = {isa = PBXBuildFile; fileRef = 2D807F282C04311B008F017C /* PrivacyInfoManager.swift */; };
		2D807F2B2C043306008F017C /* PrivacyInfo.plist in Resources */ = {isa = PBXBuildFile; fileRef = 2D807F2A2C043306008F017C /* PrivacyInfo.plist */; };
		2D807F2F2C043374008F017C /* RealworldAPI.swift in Sources */ = {isa = PBXBuildFile; fileRef = 2D807F2E2C043374008F017C /* RealworldAPI.swift */; };
		2D807F312C04348A008F017C /* ArticlesAPI.swift in Sources */ = {isa = PBXBuildFile; fileRef = 2D807F302C04348A008F017C /* ArticlesAPI.swift */; };
		2D807F332C043495008F017C /* ArticlesManager.swift in Sources */ = {isa = PBXBuildFile; fileRef = 2D807F322C043495008F017C /* ArticlesManager.swift */; };
		2D807F352C0434AD008F017C /* ArticlesResonse.swift in Sources */ = {isa = PBXBuildFile; fileRef = 2D807F342C0434AD008F017C /* ArticlesResonse.swift */; };
		2D807F392C043963008F017C /* ArticleViewModel.swift in Sources */ = {isa = PBXBuildFile; fileRef = 2D807F382C043963008F017C /* ArticleViewModel.swift */; };
		2D807F3B2C043DDF008F017C /* ArticleViewController.swift in Sources */ = {isa = PBXBuildFile; fileRef = 2D807F3A2C043DDF008F017C /* ArticleViewController.swift */; };
		2DD6EC532BD8E51A00949D97 /* AppDelegate.swift in Sources */ = {isa = PBXBuildFile; fileRef = 2DD6EC522BD8E51A00949D97 /* AppDelegate.swift */; };
		2DD6EC552BD8E51A00949D97 /* SceneDelegate.swift in Sources */ = {isa = PBXBuildFile; fileRef = 2DD6EC542BD8E51A00949D97 /* SceneDelegate.swift */; };
		2DD6EC5C2BD8E52600949D97 /* Assets.xcassets in Resources */ = {isa = PBXBuildFile; fileRef = 2DD6EC5B2BD8E52600949D97 /* Assets.xcassets */; };
		2DD6EC5F2BD8E52600949D97 /* LaunchScreen.storyboard in Resources */ = {isa = PBXBuildFile; fileRef = 2DD6EC5D2BD8E52600949D97 /* LaunchScreen.storyboard */; };
		2DD6EC6A2BD8E52600949D97 /* Yourssu_IncubatingTests.swift in Sources */ = {isa = PBXBuildFile; fileRef = 2DD6EC692BD8E52600949D97 /* Yourssu_IncubatingTests.swift */; };
		2DD6EC742BD8E52600949D97 /* Yourssu_IncubatingUITests.swift in Sources */ = {isa = PBXBuildFile; fileRef = 2DD6EC732BD8E52600949D97 /* Yourssu_IncubatingUITests.swift */; };
		2DD6EC762BD8E52600949D97 /* Yourssu_IncubatingUITestsLaunchTests.swift in Sources */ = {isa = PBXBuildFile; fileRef = 2DD6EC752BD8E52600949D97 /* Yourssu_IncubatingUITestsLaunchTests.swift */; };
		2DF49C552C04A3A300EBDB6B /* Then in Frameworks */ = {isa = PBXBuildFile; productRef = 2DF49C542C04A3A300EBDB6B /* Then */; };
		2DF49C5D2C0516FA00EBDB6B /* ArticleView.swift in Sources */ = {isa = PBXBuildFile; fileRef = 2DF49C5C2C0516FA00EBDB6B /* ArticleView.swift */; };
/* End PBXBuildFile section */

/* Begin PBXContainerItemProxy section */
		2DD6EC662BD8E52600949D97 /* PBXContainerItemProxy */ = {
			isa = PBXContainerItemProxy;
			containerPortal = 2DD6EC472BD8E51A00949D97 /* Project object */;
			proxyType = 1;
			remoteGlobalIDString = 2DD6EC4E2BD8E51A00949D97;
			remoteInfo = "Yourssu-Incubating";
		};
		2DD6EC702BD8E52600949D97 /* PBXContainerItemProxy */ = {
			isa = PBXContainerItemProxy;
			containerPortal = 2DD6EC472BD8E51A00949D97 /* Project object */;
			proxyType = 1;
			remoteGlobalIDString = 2DD6EC4E2BD8E51A00949D97;
			remoteInfo = "Yourssu-Incubating";
		};
/* End PBXContainerItemProxy section */

/* Begin PBXFileReference section */
		2D807F212C043074008F017C /* NetworkProvider.swift */ = {isa = PBXFileReference; lastKnownFileType = sourcecode.swift; path = NetworkProvider.swift; sourceTree = "<group>"; };
		2D807F262C0430FD008F017C /* NetworkError.swift */ = {isa = PBXFileReference; lastKnownFileType = sourcecode.swift; path = NetworkError.swift; sourceTree = "<group>"; };
		2D807F282C04311B008F017C /* PrivacyInfoManager.swift */ = {isa = PBXFileReference; lastKnownFileType = sourcecode.swift; path = PrivacyInfoManager.swift; sourceTree = "<group>"; };
		2D807F2A2C043306008F017C /* PrivacyInfo.plist */ = {isa = PBXFileReference; lastKnownFileType = text.plist.xml; path = PrivacyInfo.plist; sourceTree = "<group>"; };
		2D807F2E2C043374008F017C /* RealworldAPI.swift */ = {isa = PBXFileReference; lastKnownFileType = sourcecode.swift; path = RealworldAPI.swift; sourceTree = "<group>"; };
		2D807F302C04348A008F017C /* ArticlesAPI.swift */ = {isa = PBXFileReference; lastKnownFileType = sourcecode.swift; path = ArticlesAPI.swift; sourceTree = "<group>"; };
		2D807F322C043495008F017C /* ArticlesManager.swift */ = {isa = PBXFileReference; lastKnownFileType = sourcecode.swift; path = ArticlesManager.swift; sourceTree = "<group>"; };
		2D807F342C0434AD008F017C /* ArticlesResonse.swift */ = {isa = PBXFileReference; lastKnownFileType = sourcecode.swift; path = ArticlesResonse.swift; sourceTree = "<group>"; };
		2D807F382C043963008F017C /* ArticleViewModel.swift */ = {isa = PBXFileReference; lastKnownFileType = sourcecode.swift; path = ArticleViewModel.swift; sourceTree = "<group>"; };
		2D807F3A2C043DDF008F017C /* ArticleViewController.swift */ = {isa = PBXFileReference; lastKnownFileType = sourcecode.swift; path = ArticleViewController.swift; sourceTree = "<group>"; };
		2DD6EC4F2BD8E51A00949D97 /* Yourssu-Incubating.app */ = {isa = PBXFileReference; explicitFileType = wrapper.application; includeInIndex = 0; path = "Yourssu-Incubating.app"; sourceTree = BUILT_PRODUCTS_DIR; };
		2DD6EC522BD8E51A00949D97 /* AppDelegate.swift */ = {isa = PBXFileReference; lastKnownFileType = sourcecode.swift; path = AppDelegate.swift; sourceTree = "<group>"; };
		2DD6EC542BD8E51A00949D97 /* SceneDelegate.swift */ = {isa = PBXFileReference; lastKnownFileType = sourcecode.swift; path = SceneDelegate.swift; sourceTree = "<group>"; };
		2DD6EC5B2BD8E52600949D97 /* Assets.xcassets */ = {isa = PBXFileReference; lastKnownFileType = folder.assetcatalog; path = Assets.xcassets; sourceTree = "<group>"; };
		2DD6EC5E2BD8E52600949D97 /* Base */ = {isa = PBXFileReference; lastKnownFileType = file.storyboard; name = Base; path = Base.lproj/LaunchScreen.storyboard; sourceTree = "<group>"; };
		2DD6EC602BD8E52600949D97 /* Info.plist */ = {isa = PBXFileReference; lastKnownFileType = text.plist.xml; path = Info.plist; sourceTree = "<group>"; };
		2DD6EC652BD8E52600949D97 /* Yourssu-IncubatingTests.xctest */ = {isa = PBXFileReference; explicitFileType = wrapper.cfbundle; includeInIndex = 0; path = "Yourssu-IncubatingTests.xctest"; sourceTree = BUILT_PRODUCTS_DIR; };
		2DD6EC692BD8E52600949D97 /* Yourssu_IncubatingTests.swift */ = {isa = PBXFileReference; lastKnownFileType = sourcecode.swift; path = Yourssu_IncubatingTests.swift; sourceTree = "<group>"; };
		2DD6EC6F2BD8E52600949D97 /* Yourssu-IncubatingUITests.xctest */ = {isa = PBXFileReference; explicitFileType = wrapper.cfbundle; includeInIndex = 0; path = "Yourssu-IncubatingUITests.xctest"; sourceTree = BUILT_PRODUCTS_DIR; };
		2DD6EC732BD8E52600949D97 /* Yourssu_IncubatingUITests.swift */ = {isa = PBXFileReference; lastKnownFileType = sourcecode.swift; path = Yourssu_IncubatingUITests.swift; sourceTree = "<group>"; };
		2DD6EC752BD8E52600949D97 /* Yourssu_IncubatingUITestsLaunchTests.swift */ = {isa = PBXFileReference; lastKnownFileType = sourcecode.swift; path = Yourssu_IncubatingUITestsLaunchTests.swift; sourceTree = "<group>"; };
		2DF49C5C2C0516FA00EBDB6B /* ArticleView.swift */ = {isa = PBXFileReference; lastKnownFileType = sourcecode.swift; path = ArticleView.swift; sourceTree = "<group>"; };
/* End PBXFileReference section */

/* Begin PBXFrameworksBuildPhase section */
		2DD6EC4C2BD8E51A00949D97 /* Frameworks */ = {
			isa = PBXFrameworksBuildPhase;
			buildActionMask = 2147483647;
			files = (
				2D807F192C0423EF008F017C /* RxCocoa in Frameworks */,
				2D807F162C0423C8008F017C /* YDS in Frameworks */,
				2D807F252C0430DE008F017C /* Moya in Frameworks */,
				2DF49C552C04A3A300EBDB6B /* Then in Frameworks */,
			);
			runOnlyForDeploymentPostprocessing = 0;
		};
		2DD6EC622BD8E52600949D97 /* Frameworks */ = {
			isa = PBXFrameworksBuildPhase;
			buildActionMask = 2147483647;
			files = (
			);
			runOnlyForDeploymentPostprocessing = 0;
		};
		2DD6EC6C2BD8E52600949D97 /* Frameworks */ = {
			isa = PBXFrameworksBuildPhase;
			buildActionMask = 2147483647;
			files = (
			);
			runOnlyForDeploymentPostprocessing = 0;
		};
/* End PBXFrameworksBuildPhase section */

/* Begin PBXGroup section */
		2D807F1A2C042FF5008F017C /* Network */ = {
			isa = PBXGroup;
			children = (
				2D807F1B2C043005008F017C /* Response */,
				2D807F1C2C043011008F017C /* Manager */,
				2D807F1F2C04303F008F017C /* API */,
				2D807F202C043055008F017C /* Foundation */,
			);
			path = Network;
			sourceTree = "<group>";
		};
		2D807F1B2C043005008F017C /* Response */ = {
			isa = PBXGroup;
			children = (
				2D807F342C0434AD008F017C /* ArticlesResonse.swift */,
			);
			name = Response;
			sourceTree = "<group>";
		};
		2D807F1C2C043011008F017C /* Manager */ = {
			isa = PBXGroup;
			children = (
				2D807F322C043495008F017C /* ArticlesManager.swift */,
			);
			name = Manager;
			sourceTree = "<group>";
		};
		2D807F1F2C04303F008F017C /* API */ = {
			isa = PBXGroup;
			children = (
				2D807F302C04348A008F017C /* ArticlesAPI.swift */,
			);
			name = API;
			sourceTree = "<group>";
		};
		2D807F202C043055008F017C /* Foundation */ = {
			isa = PBXGroup;
			children = (
				2D807F2A2C043306008F017C /* PrivacyInfo.plist */,
				2D807F2E2C043374008F017C /* RealworldAPI.swift */,
				2D807F212C043074008F017C /* NetworkProvider.swift */,
				2D807F262C0430FD008F017C /* NetworkError.swift */,
				2D807F282C04311B008F017C /* PrivacyInfoManager.swift */,
			);
			name = Foundation;
			sourceTree = "<group>";
		};
		2D807F362C043941008F017C /* ArticleView */ = {
			isa = PBXGroup;
			children = (
				2DF49C5B2C05165D00EBDB6B /* ViewController */,
				2D807F3C2C043DE4008F017C /* View */,
				2D807F372C043947008F017C /* ViewModel */,
			);
			path = ArticleView;
			sourceTree = "<group>";
		};
		2D807F372C043947008F017C /* ViewModel */ = {
			isa = PBXGroup;
			children = (
				2D807F382C043963008F017C /* ArticleViewModel.swift */,
			);
			path = ViewModel;
			sourceTree = "<group>";
		};
		2D807F3C2C043DE4008F017C /* View */ = {
			isa = PBXGroup;
			children = (
				2DF49C5C2C0516FA00EBDB6B /* ArticleView.swift */,
			);
			name = View;
			sourceTree = "<group>";
		};
		2DD6EC462BD8E51A00949D97 = {
			isa = PBXGroup;
			children = (
				2DD6EC512BD8E51A00949D97 /* Yourssu-Incubating */,
				2DD6EC682BD8E52600949D97 /* Yourssu-IncubatingTests */,
				2DD6EC722BD8E52600949D97 /* Yourssu-IncubatingUITests */,
				2DD6EC502BD8E51A00949D97 /* Products */,
			);
			sourceTree = "<group>";
		};
		2DD6EC502BD8E51A00949D97 /* Products */ = {
			isa = PBXGroup;
			children = (
				2DD6EC4F2BD8E51A00949D97 /* Yourssu-Incubating.app */,
				2DD6EC652BD8E52600949D97 /* Yourssu-IncubatingTests.xctest */,
				2DD6EC6F2BD8E52600949D97 /* Yourssu-IncubatingUITests.xctest */,
			);
			name = Products;
			sourceTree = "<group>";
		};
		2DD6EC512BD8E51A00949D97 /* Yourssu-Incubating */ = {
			isa = PBXGroup;
			children = (
				2D807F1A2C042FF5008F017C /* Network */,
				2DD6EC522BD8E51A00949D97 /* AppDelegate.swift */,
				2DD6EC542BD8E51A00949D97 /* SceneDelegate.swift */,
				2D807F362C043941008F017C /* ArticleView */,
				2DD6EC5B2BD8E52600949D97 /* Assets.xcassets */,
				2DD6EC5D2BD8E52600949D97 /* LaunchScreen.storyboard */,
				2DD6EC602BD8E52600949D97 /* Info.plist */,
			);
			path = "Yourssu-Incubating";
			sourceTree = "<group>";
		};
		2DD6EC682BD8E52600949D97 /* Yourssu-IncubatingTests */ = {
			isa = PBXGroup;
			children = (
				2DD6EC692BD8E52600949D97 /* Yourssu_IncubatingTests.swift */,
			);
			path = "Yourssu-IncubatingTests";
			sourceTree = "<group>";
		};
		2DD6EC722BD8E52600949D97 /* Yourssu-IncubatingUITests */ = {
			isa = PBXGroup;
			children = (
				2DD6EC732BD8E52600949D97 /* Yourssu_IncubatingUITests.swift */,
				2DD6EC752BD8E52600949D97 /* Yourssu_IncubatingUITestsLaunchTests.swift */,
			);
			path = "Yourssu-IncubatingUITests";
			sourceTree = "<group>";
		};
		2DF49C5B2C05165D00EBDB6B /* ViewController */ = {
			isa = PBXGroup;
			children = (
				2D807F3A2C043DDF008F017C /* ArticleViewController.swift */,
			);
			name = ViewController;
			sourceTree = "<group>";
		};
/* End PBXGroup section */

/* Begin PBXNativeTarget section */
		2DD6EC4E2BD8E51A00949D97 /* Yourssu-Incubating */ = {
			isa = PBXNativeTarget;
			buildConfigurationList = 2DD6EC792BD8E52600949D97 /* Build configuration list for PBXNativeTarget "Yourssu-Incubating" */;
			buildPhases = (
				2DD6EC4B2BD8E51A00949D97 /* Sources */,
				2DD6EC4C2BD8E51A00949D97 /* Frameworks */,
				2DD6EC4D2BD8E51A00949D97 /* Resources */,
			);
			buildRules = (
			);
			dependencies = (
			);
			name = "Yourssu-Incubating";
			packageProductDependencies = (
				2D807F152C0423C8008F017C /* YDS */,
				2D807F182C0423EF008F017C /* RxCocoa */,
				2D807F242C0430DE008F017C /* Moya */,
				2DF49C542C04A3A300EBDB6B /* Then */,
			);
			productName = "Yourssu-Incubating";
			productReference = 2DD6EC4F2BD8E51A00949D97 /* Yourssu-Incubating.app */;
			productType = "com.apple.product-type.application";
		};
		2DD6EC642BD8E52600949D97 /* Yourssu-IncubatingTests */ = {
			isa = PBXNativeTarget;
			buildConfigurationList = 2DD6EC7C2BD8E52600949D97 /* Build configuration list for PBXNativeTarget "Yourssu-IncubatingTests" */;
			buildPhases = (
				2DD6EC612BD8E52600949D97 /* Sources */,
				2DD6EC622BD8E52600949D97 /* Frameworks */,
				2DD6EC632BD8E52600949D97 /* Resources */,
			);
			buildRules = (
			);
			dependencies = (
				2DD6EC672BD8E52600949D97 /* PBXTargetDependency */,
			);
			name = "Yourssu-IncubatingTests";
			productName = "Yourssu-IncubatingTests";
			productReference = 2DD6EC652BD8E52600949D97 /* Yourssu-IncubatingTests.xctest */;
			productType = "com.apple.product-type.bundle.unit-test";
		};
		2DD6EC6E2BD8E52600949D97 /* Yourssu-IncubatingUITests */ = {
			isa = PBXNativeTarget;
			buildConfigurationList = 2DD6EC7F2BD8E52600949D97 /* Build configuration list for PBXNativeTarget "Yourssu-IncubatingUITests" */;
			buildPhases = (
				2DD6EC6B2BD8E52600949D97 /* Sources */,
				2DD6EC6C2BD8E52600949D97 /* Frameworks */,
				2DD6EC6D2BD8E52600949D97 /* Resources */,
			);
			buildRules = (
			);
			dependencies = (
				2DD6EC712BD8E52600949D97 /* PBXTargetDependency */,
			);
			name = "Yourssu-IncubatingUITests";
			productName = "Yourssu-IncubatingUITests";
			productReference = 2DD6EC6F2BD8E52600949D97 /* Yourssu-IncubatingUITests.xctest */;
			productType = "com.apple.product-type.bundle.ui-testing";
		};
/* End PBXNativeTarget section */

/* Begin PBXProject section */
		2DD6EC472BD8E51A00949D97 /* Project object */ = {
			isa = PBXProject;
			attributes = {
				BuildIndependentTargetsInParallel = 1;
				LastSwiftUpdateCheck = 1500;
				LastUpgradeCheck = 1500;
				TargetAttributes = {
					2DD6EC4E2BD8E51A00949D97 = {
						CreatedOnToolsVersion = 15.0.1;
					};
					2DD6EC642BD8E52600949D97 = {
						CreatedOnToolsVersion = 15.0.1;
						TestTargetID = 2DD6EC4E2BD8E51A00949D97;
					};
					2DD6EC6E2BD8E52600949D97 = {
						CreatedOnToolsVersion = 15.0.1;
						TestTargetID = 2DD6EC4E2BD8E51A00949D97;
					};
				};
			};
			buildConfigurationList = 2DD6EC4A2BD8E51A00949D97 /* Build configuration list for PBXProject "Yourssu-Incubating" */;
			compatibilityVersion = "Xcode 14.0";
			developmentRegion = en;
			hasScannedForEncodings = 0;
			knownRegions = (
				en,
				Base,
			);
			mainGroup = 2DD6EC462BD8E51A00949D97;
			packageReferences = (
				2D807F142C0423C8008F017C /* XCRemoteSwiftPackageReference "YDS-iOS" */,
				2D807F172C0423EF008F017C /* XCRemoteSwiftPackageReference "RxSwift" */,
				2D807F232C0430DE008F017C /* XCRemoteSwiftPackageReference "Moya" */,
				2DF49C532C04A3A300EBDB6B /* XCRemoteSwiftPackageReference "Then" */,
			);
			productRefGroup = 2DD6EC502BD8E51A00949D97 /* Products */;
			projectDirPath = "";
			projectRoot = "";
			targets = (
				2DD6EC4E2BD8E51A00949D97 /* Yourssu-Incubating */,
				2DD6EC642BD8E52600949D97 /* Yourssu-IncubatingTests */,
				2DD6EC6E2BD8E52600949D97 /* Yourssu-IncubatingUITests */,
			);
		};
/* End PBXProject section */

/* Begin PBXResourcesBuildPhase section */
		2DD6EC4D2BD8E51A00949D97 /* Resources */ = {
			isa = PBXResourcesBuildPhase;
			buildActionMask = 2147483647;
			files = (
				2DD6EC5F2BD8E52600949D97 /* LaunchScreen.storyboard in Resources */,
				2D807F2B2C043306008F017C /* PrivacyInfo.plist in Resources */,
				2DD6EC5C2BD8E52600949D97 /* Assets.xcassets in Resources */,
			);
			runOnlyForDeploymentPostprocessing = 0;
		};
		2DD6EC632BD8E52600949D97 /* Resources */ = {
			isa = PBXResourcesBuildPhase;
			buildActionMask = 2147483647;
			files = (
			);
			runOnlyForDeploymentPostprocessing = 0;
		};
		2DD6EC6D2BD8E52600949D97 /* Resources */ = {
			isa = PBXResourcesBuildPhase;
			buildActionMask = 2147483647;
			files = (
			);
			runOnlyForDeploymentPostprocessing = 0;
		};
/* End PBXResourcesBuildPhase section */

/* Begin PBXSourcesBuildPhase section */
		2DD6EC4B2BD8E51A00949D97 /* Sources */ = {
			isa = PBXSourcesBuildPhase;
			buildActionMask = 2147483647;
			files = (
				2D807F3B2C043DDF008F017C /* ArticleViewController.swift in Sources */,
				2DF49C5D2C0516FA00EBDB6B /* ArticleView.swift in Sources */,
				2D807F222C043074008F017C /* NetworkProvider.swift in Sources */,
				2D807F352C0434AD008F017C /* ArticlesResonse.swift in Sources */,
				2DD6EC532BD8E51A00949D97 /* AppDelegate.swift in Sources */,
				2DD6EC552BD8E51A00949D97 /* SceneDelegate.swift in Sources */,
				2D807F292C04311B008F017C /* PrivacyInfoManager.swift in Sources */,
				2D807F312C04348A008F017C /* ArticlesAPI.swift in Sources */,
				2D807F392C043963008F017C /* ArticleViewModel.swift in Sources */,
				2D807F2F2C043374008F017C /* RealworldAPI.swift in Sources */,
				2D807F272C0430FD008F017C /* NetworkError.swift in Sources */,
				2D807F332C043495008F017C /* ArticlesManager.swift in Sources */,
			);
			runOnlyForDeploymentPostprocessing = 0;
		};
		2DD6EC612BD8E52600949D97 /* Sources */ = {
			isa = PBXSourcesBuildPhase;
			buildActionMask = 2147483647;
			files = (
				2DD6EC6A2BD8E52600949D97 /* Yourssu_IncubatingTests.swift in Sources */,
			);
			runOnlyForDeploymentPostprocessing = 0;
		};
		2DD6EC6B2BD8E52600949D97 /* Sources */ = {
			isa = PBXSourcesBuildPhase;
			buildActionMask = 2147483647;
			files = (
				2DD6EC742BD8E52600949D97 /* Yourssu_IncubatingUITests.swift in Sources */,
				2DD6EC762BD8E52600949D97 /* Yourssu_IncubatingUITestsLaunchTests.swift in Sources */,
			);
			runOnlyForDeploymentPostprocessing = 0;
		};
/* End PBXSourcesBuildPhase section */

/* Begin PBXTargetDependency section */
		2DD6EC672BD8E52600949D97 /* PBXTargetDependency */ = {
			isa = PBXTargetDependency;
			target = 2DD6EC4E2BD8E51A00949D97 /* Yourssu-Incubating */;
			targetProxy = 2DD6EC662BD8E52600949D97 /* PBXContainerItemProxy */;
		};
		2DD6EC712BD8E52600949D97 /* PBXTargetDependency */ = {
			isa = PBXTargetDependency;
			target = 2DD6EC4E2BD8E51A00949D97 /* Yourssu-Incubating */;
			targetProxy = 2DD6EC702BD8E52600949D97 /* PBXContainerItemProxy */;
		};
/* End PBXTargetDependency section */

/* Begin PBXVariantGroup section */
		2DD6EC5D2BD8E52600949D97 /* LaunchScreen.storyboard */ = {
			isa = PBXVariantGroup;
			children = (
				2DD6EC5E2BD8E52600949D97 /* Base */,
			);
			name = LaunchScreen.storyboard;
			sourceTree = "<group>";
		};
/* End PBXVariantGroup section */

/* Begin XCBuildConfiguration section */
		2DD6EC772BD8E52600949D97 /* Debug */ = {
			isa = XCBuildConfiguration;
			buildSettings = {
				ALWAYS_SEARCH_USER_PATHS = NO;
				ASSETCATALOG_COMPILER_GENERATE_SWIFT_ASSET_SYMBOL_EXTENSIONS = YES;
				CLANG_ANALYZER_NONNULL = YES;
				CLANG_ANALYZER_NUMBER_OBJECT_CONVERSION = YES_AGGRESSIVE;
				CLANG_CXX_LANGUAGE_STANDARD = "gnu++20";
				CLANG_ENABLE_MODULES = YES;
				CLANG_ENABLE_OBJC_ARC = YES;
				CLANG_ENABLE_OBJC_WEAK = YES;
				CLANG_WARN_BLOCK_CAPTURE_AUTORELEASING = YES;
				CLANG_WARN_BOOL_CONVERSION = YES;
				CLANG_WARN_COMMA = YES;
				CLANG_WARN_CONSTANT_CONVERSION = YES;
				CLANG_WARN_DEPRECATED_OBJC_IMPLEMENTATIONS = YES;
				CLANG_WARN_DIRECT_OBJC_ISA_USAGE = YES_ERROR;
				CLANG_WARN_DOCUMENTATION_COMMENTS = YES;
				CLANG_WARN_EMPTY_BODY = YES;
				CLANG_WARN_ENUM_CONVERSION = YES;
				CLANG_WARN_INFINITE_RECURSION = YES;
				CLANG_WARN_INT_CONVERSION = YES;
				CLANG_WARN_NON_LITERAL_NULL_CONVERSION = YES;
				CLANG_WARN_OBJC_IMPLICIT_RETAIN_SELF = YES;
				CLANG_WARN_OBJC_LITERAL_CONVERSION = YES;
				CLANG_WARN_OBJC_ROOT_CLASS = YES_ERROR;
				CLANG_WARN_QUOTED_INCLUDE_IN_FRAMEWORK_HEADER = YES;
				CLANG_WARN_RANGE_LOOP_ANALYSIS = YES;
				CLANG_WARN_STRICT_PROTOTYPES = YES;
				CLANG_WARN_SUSPICIOUS_MOVE = YES;
				CLANG_WARN_UNGUARDED_AVAILABILITY = YES_AGGRESSIVE;
				CLANG_WARN_UNREACHABLE_CODE = YES;
				CLANG_WARN__DUPLICATE_METHOD_MATCH = YES;
				COPY_PHASE_STRIP = NO;
				DEBUG_INFORMATION_FORMAT = dwarf;
				ENABLE_STRICT_OBJC_MSGSEND = YES;
				ENABLE_TESTABILITY = YES;
				ENABLE_USER_SCRIPT_SANDBOXING = YES;
				GCC_C_LANGUAGE_STANDARD = gnu17;
				GCC_DYNAMIC_NO_PIC = NO;
				GCC_NO_COMMON_BLOCKS = YES;
				GCC_OPTIMIZATION_LEVEL = 0;
				GCC_PREPROCESSOR_DEFINITIONS = (
					"DEBUG=1",
					"$(inherited)",
				);
				GCC_WARN_64_TO_32_BIT_CONVERSION = YES;
				GCC_WARN_ABOUT_RETURN_TYPE = YES_ERROR;
				GCC_WARN_UNDECLARED_SELECTOR = YES;
				GCC_WARN_UNINITIALIZED_AUTOS = YES_AGGRESSIVE;
				GCC_WARN_UNUSED_FUNCTION = YES;
				GCC_WARN_UNUSED_VARIABLE = YES;
				IPHONEOS_DEPLOYMENT_TARGET = 17.0;
				LOCALIZATION_PREFERS_STRING_CATALOGS = YES;
				MTL_ENABLE_DEBUG_INFO = INCLUDE_SOURCE;
				MTL_FAST_MATH = YES;
				ONLY_ACTIVE_ARCH = YES;
				SDKROOT = iphoneos;
				SWIFT_ACTIVE_COMPILATION_CONDITIONS = "DEBUG $(inherited)";
				SWIFT_OPTIMIZATION_LEVEL = "-Onone";
			};
			name = Debug;
		};
		2DD6EC782BD8E52600949D97 /* Release */ = {
			isa = XCBuildConfiguration;
			buildSettings = {
				ALWAYS_SEARCH_USER_PATHS = NO;
				ASSETCATALOG_COMPILER_GENERATE_SWIFT_ASSET_SYMBOL_EXTENSIONS = YES;
				CLANG_ANALYZER_NONNULL = YES;
				CLANG_ANALYZER_NUMBER_OBJECT_CONVERSION = YES_AGGRESSIVE;
				CLANG_CXX_LANGUAGE_STANDARD = "gnu++20";
				CLANG_ENABLE_MODULES = YES;
				CLANG_ENABLE_OBJC_ARC = YES;
				CLANG_ENABLE_OBJC_WEAK = YES;
				CLANG_WARN_BLOCK_CAPTURE_AUTORELEASING = YES;
				CLANG_WARN_BOOL_CONVERSION = YES;
				CLANG_WARN_COMMA = YES;
				CLANG_WARN_CONSTANT_CONVERSION = YES;
				CLANG_WARN_DEPRECATED_OBJC_IMPLEMENTATIONS = YES;
				CLANG_WARN_DIRECT_OBJC_ISA_USAGE = YES_ERROR;
				CLANG_WARN_DOCUMENTATION_COMMENTS = YES;
				CLANG_WARN_EMPTY_BODY = YES;
				CLANG_WARN_ENUM_CONVERSION = YES;
				CLANG_WARN_INFINITE_RECURSION = YES;
				CLANG_WARN_INT_CONVERSION = YES;
				CLANG_WARN_NON_LITERAL_NULL_CONVERSION = YES;
				CLANG_WARN_OBJC_IMPLICIT_RETAIN_SELF = YES;
				CLANG_WARN_OBJC_LITERAL_CONVERSION = YES;
				CLANG_WARN_OBJC_ROOT_CLASS = YES_ERROR;
				CLANG_WARN_QUOTED_INCLUDE_IN_FRAMEWORK_HEADER = YES;
				CLANG_WARN_RANGE_LOOP_ANALYSIS = YES;
				CLANG_WARN_STRICT_PROTOTYPES = YES;
				CLANG_WARN_SUSPICIOUS_MOVE = YES;
				CLANG_WARN_UNGUARDED_AVAILABILITY = YES_AGGRESSIVE;
				CLANG_WARN_UNREACHABLE_CODE = YES;
				CLANG_WARN__DUPLICATE_METHOD_MATCH = YES;
				COPY_PHASE_STRIP = NO;
				DEBUG_INFORMATION_FORMAT = "dwarf-with-dsym";
				ENABLE_NS_ASSERTIONS = NO;
				ENABLE_STRICT_OBJC_MSGSEND = YES;
				ENABLE_USER_SCRIPT_SANDBOXING = YES;
				GCC_C_LANGUAGE_STANDARD = gnu17;
				GCC_NO_COMMON_BLOCKS = YES;
				GCC_WARN_64_TO_32_BIT_CONVERSION = YES;
				GCC_WARN_ABOUT_RETURN_TYPE = YES_ERROR;
				GCC_WARN_UNDECLARED_SELECTOR = YES;
				GCC_WARN_UNINITIALIZED_AUTOS = YES_AGGRESSIVE;
				GCC_WARN_UNUSED_FUNCTION = YES;
				GCC_WARN_UNUSED_VARIABLE = YES;
				IPHONEOS_DEPLOYMENT_TARGET = 17.0;
				LOCALIZATION_PREFERS_STRING_CATALOGS = YES;
				MTL_ENABLE_DEBUG_INFO = NO;
				MTL_FAST_MATH = YES;
				SDKROOT = iphoneos;
				SWIFT_COMPILATION_MODE = wholemodule;
				VALIDATE_PRODUCT = YES;
			};
			name = Release;
		};
		2DD6EC7A2BD8E52600949D97 /* Debug */ = {
			isa = XCBuildConfiguration;
			buildSettings = {
				ASSETCATALOG_COMPILER_APPICON_NAME = AppIcon;
				ASSETCATALOG_COMPILER_GLOBAL_ACCENT_COLOR_NAME = AccentColor;
				CODE_SIGN_STYLE = Automatic;
				CURRENT_PROJECT_VERSION = 1;
				DEVELOPMENT_TEAM = 3BFLHJ2HKG;
				GENERATE_INFOPLIST_FILE = YES;
				INFOPLIST_FILE = "Yourssu-Incubating/Info.plist";
				INFOPLIST_KEY_UIApplicationSupportsIndirectInputEvents = YES;
				INFOPLIST_KEY_UILaunchStoryboardName = LaunchScreen;
				INFOPLIST_KEY_UISupportedInterfaceOrientations_iPad = "UIInterfaceOrientationPortrait UIInterfaceOrientationPortraitUpsideDown UIInterfaceOrientationLandscapeLeft UIInterfaceOrientationLandscapeRight";
				INFOPLIST_KEY_UISupportedInterfaceOrientations_iPhone = "UIInterfaceOrientationPortrait UIInterfaceOrientationLandscapeLeft UIInterfaceOrientationLandscapeRight";
				LD_RUNPATH_SEARCH_PATHS = (
					"$(inherited)",
					"@executable_path/Frameworks",
				);
				MARKETING_VERSION = 1.0;
				PRODUCT_BUNDLE_IDENTIFIER = "uno.Yourssu-Incubating";
				PRODUCT_NAME = "$(TARGET_NAME)";
				SWIFT_EMIT_LOC_STRINGS = YES;
				SWIFT_VERSION = 5.0;
				TARGETED_DEVICE_FAMILY = "1,2";
			};
			name = Debug;
		};
		2DD6EC7B2BD8E52600949D97 /* Release */ = {
			isa = XCBuildConfiguration;
			buildSettings = {
				ASSETCATALOG_COMPILER_APPICON_NAME = AppIcon;
				ASSETCATALOG_COMPILER_GLOBAL_ACCENT_COLOR_NAME = AccentColor;
				CODE_SIGN_STYLE = Automatic;
				CURRENT_PROJECT_VERSION = 1;
				DEVELOPMENT_TEAM = 3BFLHJ2HKG;
				GENERATE_INFOPLIST_FILE = YES;
				INFOPLIST_FILE = "Yourssu-Incubating/Info.plist";
				INFOPLIST_KEY_UIApplicationSupportsIndirectInputEvents = YES;
				INFOPLIST_KEY_UILaunchStoryboardName = LaunchScreen;
				INFOPLIST_KEY_UISupportedInterfaceOrientations_iPad = "UIInterfaceOrientationPortrait UIInterfaceOrientationPortraitUpsideDown UIInterfaceOrientationLandscapeLeft UIInterfaceOrientationLandscapeRight";
				INFOPLIST_KEY_UISupportedInterfaceOrientations_iPhone = "UIInterfaceOrientationPortrait UIInterfaceOrientationLandscapeLeft UIInterfaceOrientationLandscapeRight";
				LD_RUNPATH_SEARCH_PATHS = (
					"$(inherited)",
					"@executable_path/Frameworks",
				);
				MARKETING_VERSION = 1.0;
				PRODUCT_BUNDLE_IDENTIFIER = "uno.Yourssu-Incubating";
				PRODUCT_NAME = "$(TARGET_NAME)";
				SWIFT_EMIT_LOC_STRINGS = YES;
				SWIFT_VERSION = 5.0;
				TARGETED_DEVICE_FAMILY = "1,2";
			};
			name = Release;
		};
		2DD6EC7D2BD8E52600949D97 /* Debug */ = {
			isa = XCBuildConfiguration;
			buildSettings = {
				ALWAYS_EMBED_SWIFT_STANDARD_LIBRARIES = YES;
				BUNDLE_LOADER = "$(TEST_HOST)";
				CODE_SIGN_STYLE = Automatic;
				CURRENT_PROJECT_VERSION = 1;
				DEVELOPMENT_TEAM = 3BFLHJ2HKG;
				GENERATE_INFOPLIST_FILE = YES;
				IPHONEOS_DEPLOYMENT_TARGET = 17.0;
				MARKETING_VERSION = 1.0;
				PRODUCT_BUNDLE_IDENTIFIER = "uno.Yourssu-IncubatingTests";
				PRODUCT_NAME = "$(TARGET_NAME)";
				SWIFT_EMIT_LOC_STRINGS = NO;
				SWIFT_VERSION = 5.0;
				TARGETED_DEVICE_FAMILY = "1,2";
				TEST_HOST = "$(BUILT_PRODUCTS_DIR)/Yourssu-Incubating.app/$(BUNDLE_EXECUTABLE_FOLDER_PATH)/Yourssu-Incubating";
			};
			name = Debug;
		};
		2DD6EC7E2BD8E52600949D97 /* Release */ = {
			isa = XCBuildConfiguration;
			buildSettings = {
				ALWAYS_EMBED_SWIFT_STANDARD_LIBRARIES = YES;
				BUNDLE_LOADER = "$(TEST_HOST)";
				CODE_SIGN_STYLE = Automatic;
				CURRENT_PROJECT_VERSION = 1;
				DEVELOPMENT_TEAM = 3BFLHJ2HKG;
				GENERATE_INFOPLIST_FILE = YES;
				IPHONEOS_DEPLOYMENT_TARGET = 17.0;
				MARKETING_VERSION = 1.0;
				PRODUCT_BUNDLE_IDENTIFIER = "uno.Yourssu-IncubatingTests";
				PRODUCT_NAME = "$(TARGET_NAME)";
				SWIFT_EMIT_LOC_STRINGS = NO;
				SWIFT_VERSION = 5.0;
				TARGETED_DEVICE_FAMILY = "1,2";
				TEST_HOST = "$(BUILT_PRODUCTS_DIR)/Yourssu-Incubating.app/$(BUNDLE_EXECUTABLE_FOLDER_PATH)/Yourssu-Incubating";
			};
			name = Release;
		};
		2DD6EC802BD8E52600949D97 /* Debug */ = {
			isa = XCBuildConfiguration;
			buildSettings = {
				ALWAYS_EMBED_SWIFT_STANDARD_LIBRARIES = YES;
				CODE_SIGN_STYLE = Automatic;
				CURRENT_PROJECT_VERSION = 1;
				DEVELOPMENT_TEAM = 3BFLHJ2HKG;
				GENERATE_INFOPLIST_FILE = YES;
				MARKETING_VERSION = 1.0;
				PRODUCT_BUNDLE_IDENTIFIER = "uno.Yourssu-IncubatingUITests";
				PRODUCT_NAME = "$(TARGET_NAME)";
				SWIFT_EMIT_LOC_STRINGS = NO;
				SWIFT_VERSION = 5.0;
				TARGETED_DEVICE_FAMILY = "1,2";
				TEST_TARGET_NAME = "Yourssu-Incubating";
			};
			name = Debug;
		};
		2DD6EC812BD8E52600949D97 /* Release */ = {
			isa = XCBuildConfiguration;
			buildSettings = {
				ALWAYS_EMBED_SWIFT_STANDARD_LIBRARIES = YES;
				CODE_SIGN_STYLE = Automatic;
				CURRENT_PROJECT_VERSION = 1;
				DEVELOPMENT_TEAM = 3BFLHJ2HKG;
				GENERATE_INFOPLIST_FILE = YES;
				MARKETING_VERSION = 1.0;
				PRODUCT_BUNDLE_IDENTIFIER = "uno.Yourssu-IncubatingUITests";
				PRODUCT_NAME = "$(TARGET_NAME)";
				SWIFT_EMIT_LOC_STRINGS = NO;
				SWIFT_VERSION = 5.0;
				TARGETED_DEVICE_FAMILY = "1,2";
				TEST_TARGET_NAME = "Yourssu-Incubating";
			};
			name = Release;
		};
/* End XCBuildConfiguration section */

/* Begin XCConfigurationList section */
		2DD6EC4A2BD8E51A00949D97 /* Build configuration list for PBXProject "Yourssu-Incubating" */ = {
			isa = XCConfigurationList;
			buildConfigurations = (
				2DD6EC772BD8E52600949D97 /* Debug */,
				2DD6EC782BD8E52600949D97 /* Release */,
			);
			defaultConfigurationIsVisible = 0;
			defaultConfigurationName = Release;
		};
		2DD6EC792BD8E52600949D97 /* Build configuration list for PBXNativeTarget "Yourssu-Incubating" */ = {
			isa = XCConfigurationList;
			buildConfigurations = (
				2DD6EC7A2BD8E52600949D97 /* Debug */,
				2DD6EC7B2BD8E52600949D97 /* Release */,
			);
			defaultConfigurationIsVisible = 0;
			defaultConfigurationName = Release;
		};
		2DD6EC7C2BD8E52600949D97 /* Build configuration list for PBXNativeTarget "Yourssu-IncubatingTests" */ = {
			isa = XCConfigurationList;
			buildConfigurations = (
				2DD6EC7D2BD8E52600949D97 /* Debug */,
				2DD6EC7E2BD8E52600949D97 /* Release */,
			);
			defaultConfigurationIsVisible = 0;
			defaultConfigurationName = Release;
		};
		2DD6EC7F2BD8E52600949D97 /* Build configuration list for PBXNativeTarget "Yourssu-IncubatingUITests" */ = {
			isa = XCConfigurationList;
			buildConfigurations = (
				2DD6EC802BD8E52600949D97 /* Debug */,
				2DD6EC812BD8E52600949D97 /* Release */,
			);
			defaultConfigurationIsVisible = 0;
			defaultConfigurationName = Release;
		};
/* End XCConfigurationList section */

/* Begin XCRemoteSwiftPackageReference section */
		2D807F142C0423C8008F017C /* XCRemoteSwiftPackageReference "YDS-iOS" */ = {
			isa = XCRemoteSwiftPackageReference;
			repositoryURL = "https://github.com/yourssu/YDS-iOS";
			requirement = {
				kind = upToNextMajorVersion;
				minimumVersion = 3.1.5;
			};
		};
		2D807F172C0423EF008F017C /* XCRemoteSwiftPackageReference "RxSwift" */ = {
			isa = XCRemoteSwiftPackageReference;
			repositoryURL = "https://github.com/ReactiveX/RxSwift.git";
			requirement = {
				kind = upToNextMajorVersion;
				minimumVersion = 6.7.1;
			};
		};
		2D807F232C0430DE008F017C /* XCRemoteSwiftPackageReference "Moya" */ = {
			isa = XCRemoteSwiftPackageReference;
			repositoryURL = "https://github.com/Moya/Moya.git";
			requirement = {
				kind = upToNextMajorVersion;
				minimumVersion = 15.0.3;
			};
		};
		2DF49C532C04A3A300EBDB6B /* XCRemoteSwiftPackageReference "Then" */ = {
			isa = XCRemoteSwiftPackageReference;
			repositoryURL = "https://github.com/devxoul/Then";
			requirement = {
				kind = upToNextMajorVersion;
				minimumVersion = 3.0.0;
			};
		};
/* End XCRemoteSwiftPackageReference section */

/* Begin XCSwiftPackageProductDependency section */
		2D807F152C0423C8008F017C /* YDS */ = {
			isa = XCSwiftPackageProductDependency;
			package = 2D807F142C0423C8008F017C /* XCRemoteSwiftPackageReference "YDS-iOS" */;
			productName = YDS;
		};
		2D807F182C0423EF008F017C /* RxCocoa */ = {
			isa = XCSwiftPackageProductDependency;
			package = 2D807F172C0423EF008F017C /* XCRemoteSwiftPackageReference "RxSwift" */;
			productName = RxCocoa;
		};
		2D807F242C0430DE008F017C /* Moya */ = {
			isa = XCSwiftPackageProductDependency;
			package = 2D807F232C0430DE008F017C /* XCRemoteSwiftPackageReference "Moya" */;
			productName = Moya;
		};
		2DF49C542C04A3A300EBDB6B /* Then */ = {
			isa = XCSwiftPackageProductDependency;
			package = 2DF49C532C04A3A300EBDB6B /* XCRemoteSwiftPackageReference "Then" */;
			productName = Then;
		};
/* End XCSwiftPackageProductDependency section */
	};
	rootObject = 2DD6EC472BD8E51A00949D97 /* Project object */;
}
